
Microsoft Visual Studio Solution File, Format Version 12.00
# Visual Studio Version 17
VisualStudioVersion = 17.4.33213.308
MinimumVisualStudioVersion = 10.0.40219.1
Project("{9A19103F-16F7-4668-BE54-9A1E7A4F7556}") = "App.AbpSeed.Main", "AbpSeed\App.AbpSeed.Main.csproj", "{A21BB9E6-4840-464C-A22C-E3E6E8ECFAC4}"
EndProject
Project("{FAE04EC0-301F-11D3-BF4B-00C04F79EFBC}") = "App.EFCore.MySQL", "EFCore.MySQL\App.EFCore.MySQL.csproj", "{F5F23D02-68E7-41AE-8344-8747F9DD541E}"
EndProject
Project("{FAE04EC0-301F-11D3-BF4B-00C04F79EFBC}") = "App.Contracts", "App.Contracts\App.Contracts.csproj", "{91DEB7B7-0F3F-4533-AE4E-71BA6C6C4649}"
EndProject
Project("{FAE04EC0-301F-11D3-BF4B-00C04F79EFBC}") = "App.Api", "Api\App.Api.csproj", "{29DB0A3A-1C49-42AC-BF11-F1F6E89AC690}"
EndProject
Project("{FAE04EC0-301F-11D3-BF4B-00C04F79EFBC}") = "Volo.Abp.Swagger", "Volo.Abp.Swagger\Volo.Abp.Swagger.csproj", "{7C616E07-0E4E-4B24-AF6C-25EE9EC5DC65}"
EndProject
Project("{9A19103F-16F7-4668-BE54-9A1E7A4F7556}") = "Swashbuckle.AspNetCore.SwaggerUI", "Swashbuckle.AspNetCore.SwaggerUI\Swashbuckle.AspNetCore.SwaggerUI.csproj", "{29D9289F-C6B4-4D59-BFFE-08AAE541D40A}"
EndProject
Global
	GlobalSection(SolutionConfigurationPlatforms) = preSolution
		Debug|Any CPU = Debug|Any CPU
		Release|Any CPU = Release|Any CPU
	EndGlobalSection
	GlobalSection(ProjectConfigurationPlatforms) = postSolution
		{A21BB9E6-4840-464C-A22C-E3E6E8ECFAC4}.Debug|Any CPU.ActiveCfg = Debug|Any CPU
		{A21BB9E6-4840-464C-A22C-E3E6E8ECFAC4}.Debug|Any CPU.Build.0 = Debug|Any CPU
		{A21BB9E6-4840-464C-A22C-E3E6E8ECFAC4}.Release|Any CPU.ActiveCfg = Release|Any CPU
		{A21BB9E6-4840-464C-A22C-E3E6E8ECFAC4}.Release|Any CPU.Build.0 = Release|Any CPU
		{F5F23D02-68E7-41AE-8344-8747F9DD541E}.Debug|Any CPU.ActiveCfg = Debug|Any CPU
		{F5F23D02-68E7-41AE-8344-8747F9DD541E}.Debug|Any CPU.Build.0 = Debug|Any CPU
		{F5F23D02-68E7-41AE-8344-8747F9DD541E}.Release|Any CPU.ActiveCfg = Release|Any CPU
		{F5F23D02-68E7-41AE-8344-8747F9DD541E}.Release|Any CPU.Build.0 = Release|Any CPU
		{91DEB7B7-0F3F-4533-AE4E-71BA6C6C4649}.Debug|Any CPU.ActiveCfg = Debug|Any CPU
		{91DEB7B7-0F3F-4533-AE4E-71BA6C6C4649}.Debug|Any CPU.Build.0 = Debug|Any CPU
		{91DEB7B7-0F3F-4533-AE4E-71BA6C6C4649}.Release|Any CPU.ActiveCfg = Release|Any CPU
		{91DEB7B7-0F3F-4533-AE4E-71BA6C6C4649}.Release|Any CPU.Build.0 = Release|Any CPU
		{29DB0A3A-1C49-42AC-BF11-F1F6E89AC690}.Debug|Any CPU.ActiveCfg = Debug|Any CPU
		{29DB0A3A-1C49-42AC-BF11-F1F6E89AC690}.Debug|Any CPU.Build.0 = Debug|Any CPU
		{29DB0A3A-1C49-42AC-BF11-F1F6E89AC690}.Release|Any CPU.ActiveCfg = Release|Any CPU
		{29DB0A3A-1C49-42AC-BF11-F1F6E89AC690}.Release|Any CPU.Build.0 = Release|Any CPU
		{7C616E07-0E4E-4B24-AF6C-25EE9EC5DC65}.Debug|Any CPU.ActiveCfg = Debug|Any CPU
		{7C616E07-0E4E-4B24-AF6C-25EE9EC5DC65}.Debug|Any CPU.Build.0 = Debug|Any CPU
		{7C616E07-0E4E-4B24-AF6C-25EE9EC5DC65}.Release|Any CPU.ActiveCfg = Release|Any CPU
		{7C616E07-0E4E-4B24-AF6C-25EE9EC5DC65}.Release|Any CPU.Build.0 = Release|Any CPU
		{29D9289F-C6B4-4D59-BFFE-08AAE541D40A}.Debug|Any CPU.ActiveCfg = Debug|Any CPU
		{29D9289F-C6B4-4D59-BFFE-08AAE541D40A}.Debug|Any CPU.Build.0 = Debug|Any CPU
		{29D9289F-C6B4-4D59-BFFE-08AAE541D40A}.Release|Any CPU.ActiveCfg = Release|Any CPU
		{29D9289F-C6B4-4D59-BFFE-08AAE541D40A}.Release|Any CPU.Build.0 = Release|Any CPU
	EndGlobalSection
	GlobalSection(SolutionProperties) = preSolution
		HideSolutionNode = FALSE
	EndGlobalSection
	GlobalSection(ExtensibilityGlobals) = postSolution
		SolutionGuid = {08397CD2-1EE1-4E24-A7DC-C3DBF956E352}
	EndGlobalSection
EndGlobal
