
Microsoft Visual Studio Solution File, Format Version 12.00
# Visual Studio Version 17
VisualStudioVersion = 17.0.31903.59
MinimumVisualStudioVersion = 10.0.40219.1
Project("{2150E333-8FDC-42A3-9474-1A3956D46DE8}") = "src", "src", "{5338B975-8264-40E9-9DB2-681A4746DA66}"
EndProject
Project("{2150E333-8FDC-42A3-9474-1A3956D46DE8}") = "test", "test", "{6BA2349B-FD58-4C43-9BCF-705745E13AD2}"
EndProject
Project("{FAE04EC0-301F-11D3-BF4B-00C04F79EFBC}") = "AbpSeed.Abp.Swashbuckle", "src\AbpSeed.Abp.Swashbuckle\AbpSeed.Abp.Swashbuckle.csproj", "{2B7A5120-BD6C-4002-93E5-FAAEEBA01583}"
EndProject
Global
	GlobalSection(SolutionConfigurationPlatforms) = preSolution
		Debug|Any CPU = Debug|Any CPU
		Release|Any CPU = Release|Any CPU
	EndGlobalSection
	GlobalSection(ProjectConfigurationPlatforms) = postSolution
		{2B7A5120-BD6C-4002-93E5-FAAEEBA01583}.Debug|Any CPU.ActiveCfg = Debug|Any CPU
		{2B7A5120-BD6C-4002-93E5-FAAEEBA01583}.Debug|Any CPU.Build.0 = Debug|Any CPU
		{2B7A5120-BD6C-4002-93E5-FAAEEBA01583}.Release|Any CPU.ActiveCfg = Release|Any CPU
		{2B7A5120-BD6C-4002-93E5-FAAEEBA01583}.Release|Any CPU.Build.0 = Release|Any CPU
	EndGlobalSection
	GlobalSection(SolutionProperties) = preSolution
		HideSolutionNode = FALSE
	EndGlobalSection
	GlobalSection(NestedProjects) = preSolution
		{2B7A5120-BD6C-4002-93E5-FAAEEBA01583} = {5338B975-8264-40E9-9DB2-681A4746DA66}
	EndGlobalSection
EndGlobal
